
Microsoft Visual Studio Solution File, Format Version 12.00
# Visual Studio Version 17
VisualStudioVersion = 17.5.33516.290
MinimumVisualStudioVersion = 10.0.40219.1
Project("{9A19103F-16F7-4668-BE54-9A1E7A4F7556}") = "esoSampleProject", "esoSampleProject\esoSampleProject.csproj", "{495D4D7C-6525-45F7-A923-E13186B0093C}"
EndProject
Project("{FAE04EC0-301F-11D3-BF4B-00C04F79EFBC}") = "esoSampleProjectTests", "esoSampleProjectTests\esoSampleProjectTests.csproj", "{75F57B46-EC20-4A05-8AD7-ACC3DDEEA5AD}"
EndProject
Global
	GlobalSection(SolutionConfigurationPlatforms) = preSolution
		Debug|Any CPU = Debug|Any CPU
		Release|Any CPU = Release|Any CPU
	EndGlobalSection
	GlobalSection(ProjectConfigurationPlatforms) = postSolution
		{495D4D7C-6525-45F7-A923-E13186B0093C}.Debug|Any CPU.ActiveCfg = Debug|Any CPU
		{495D4D7C-6525-45F7-A923-E13186B0093C}.Debug|Any CPU.Build.0 = Debug|Any CPU
		{495D4D7C-6525-45F7-A923-E13186B0093C}.Release|Any CPU.ActiveCfg = Release|Any CPU
		{495D4D7C-6525-45F7-A923-E13186B0093C}.Release|Any CPU.Build.0 = Release|Any CPU
		{75F57B46-EC20-4A05-8AD7-ACC3DDEEA5AD}.Debug|Any CPU.ActiveCfg = Debug|Any CPU
		{75F57B46-EC20-4A05-8AD7-ACC3DDEEA5AD}.Debug|Any CPU.Build.0 = Debug|Any CPU
		{75F57B46-EC20-4A05-8AD7-ACC3DDEEA5AD}.Release|Any CPU.ActiveCfg = Release|Any CPU
		{75F57B46-EC20-4A05-8AD7-ACC3DDEEA5AD}.Release|Any CPU.Build.0 = Release|Any CPU
	EndGlobalSection
	GlobalSection(SolutionProperties) = preSolution
		HideSolutionNode = FALSE
	EndGlobalSection
	GlobalSection(ExtensibilityGlobals) = postSolution
		SolutionGuid = {6C64E289-DFD4-4BD9-AF5E-E68B14A449ED}
	EndGlobalSection
EndGlobal
